// !$*UTF8*$!
{
	archiveVersion = 1;
	classes = {
	};
	objectVersion = 53;
	objects = {

/* Begin PBXBuildFile section */
		CF45E75427099DB2001F804D /* main.cpp in Sources */ = {isa = PBXBuildFile; fileRef = CF45E75327099DB2001F804D /* main.cpp */; };
		CF45E75A27099DF1001F804D /* intergral_image.cpp in Sources */ = {isa = PBXBuildFile; fileRef = CF45E75827099DF1001F804D /* intergral_image.cpp */; };
		CF45E75B2709B32C001F804D /* intergral_image.hpp in Sources */ = {isa = PBXBuildFile; fileRef = CF45E75927099DF1001F804D /* intergral_image.hpp */; };
		CF45E7652709BAEF001F804D /* main.cpp in Sources */ = {isa = PBXBuildFile; fileRef = CF45E7642709BAEF001F804D /* main.cpp */; };
		CF45E76C2709BBC0001F804D /* find_union.hpp in Sources */ = {isa = PBXBuildFile; fileRef = CF45E76A2709BB30001F804D /* find_union.hpp */; };
		CF45E76D2709BBEA001F804D /* find_union.cpp in Sources */ = {isa = PBXBuildFile; fileRef = CF45E7692709BB30001F804D /* find_union.cpp */; };
		CF90F97D2709C5AC0089BC81 /* main.cpp in Sources */ = {isa = PBXBuildFile; fileRef = CF90F97B2709C5AC0089BC81 /* main.cpp */; };
		CF90F9802709CA370089BC81 /* cpp-bf.cpp in Sources */ = {isa = PBXBuildFile; fileRef = CF90F97E2709CA370089BC81 /* cpp-bf.cpp */; };
		CF90F9812709E4760089BC81 /* cpp-bf.hpp in Sources */ = {isa = PBXBuildFile; fileRef = CF90F97F2709CA370089BC81 /* cpp-bf.hpp */; };
		CFE68EEE270CA14000399752 /* cpp-dc.cpp in Sources */ = {isa = PBXBuildFile; fileRef = CFE68EEC270CA14000399752 /* cpp-dc.cpp */; };
		CFE68EF9270CA44600399752 /* main.cpp in Sources */ = {isa = PBXBuildFile; fileRef = CFE68EF8270CA44600399752 /* main.cpp */; };
		CFE68EFE270CA46500399752 /* main.cpp in Sources */ = {isa = PBXBuildFile; fileRef = CFE68EFD270CA46500399752 /* main.cpp */; };
/* End PBXBuildFile section */

/* Begin PBXCopyFilesBuildPhase section */
		CF45E74227098F3B001F804D /* CopyFiles */ = {
			isa = PBXCopyFilesBuildPhase;
			buildActionMask = 2147483647;
			dstPath = /usr/share/man/man1/;
			dstSubfolderSpec = 0;
			files = (
			);
			runOnlyForDeploymentPostprocessing = 1;
		};
		CF45E74F27099DB2001F804D /* CopyFiles */ = {
			isa = PBXCopyFilesBuildPhase;
			buildActionMask = 2147483647;
			dstPath = /usr/share/man/man1/;
			dstSubfolderSpec = 0;
			files = (
			);
			runOnlyForDeploymentPostprocessing = 1;
		};
		CF45E7602709BAEF001F804D /* Copy Files */ = {
			isa = PBXCopyFilesBuildPhase;
			buildActionMask = 2147483647;
			dstPath = /usr/share/man/man1/;
			dstSubfolderSpec = 0;
			files = (
			);
			name = "Copy Files";
			runOnlyForDeploymentPostprocessing = 1;
		};
		CFE68EF4270CA44600399752 /* CopyFiles */ = {
			isa = PBXCopyFilesBuildPhase;
			buildActionMask = 2147483647;
			dstPath = /usr/share/man/man1/;
			dstSubfolderSpec = 0;
			files = (
			);
			runOnlyForDeploymentPostprocessing = 1;
		};
/* End PBXCopyFilesBuildPhase section */

/* Begin PBXFileReference section */
		CF45E74427098F3B001F804D /* closest-pair-points */ = {isa = PBXFileReference; explicitFileType = "compiled.mach-o.executable"; includeInIndex = 0; path = "closest-pair-points"; sourceTree = BUILT_PRODUCTS_DIR; };
		CF45E75127099DB2001F804D /* intergral_image */ = {isa = PBXFileReference; explicitFileType = "compiled.mach-o.executable"; includeInIndex = 0; path = intergral_image; sourceTree = BUILT_PRODUCTS_DIR; };
		CF45E75327099DB2001F804D /* main.cpp */ = {isa = PBXFileReference; lastKnownFileType = sourcecode.cpp.cpp; path = main.cpp; sourceTree = "<group>"; };
		CF45E75827099DF1001F804D /* intergral_image.cpp */ = {isa = PBXFileReference; lastKnownFileType = sourcecode.cpp.cpp; path = intergral_image.cpp; sourceTree = "<group>"; };
		CF45E75927099DF1001F804D /* intergral_image.hpp */ = {isa = PBXFileReference; lastKnownFileType = sourcecode.cpp.h; path = intergral_image.hpp; sourceTree = "<group>"; };
		CF45E75C2709B510001F804D /* inp.txt */ = {isa = PBXFileReference; lastKnownFileType = text; path = inp.txt; sourceTree = "<group>"; };
		CF45E75D2709B52B001F804D /* out.txt */ = {isa = PBXFileReference; lastKnownFileType = text; path = out.txt; sourceTree = "<group>"; };
		CF45E7622709BAEF001F804D /* find-union */ = {isa = PBXFileReference; explicitFileType = "compiled.mach-o.executable"; includeInIndex = 0; path = "find-union"; sourceTree = BUILT_PRODUCTS_DIR; };
		CF45E7642709BAEF001F804D /* main.cpp */ = {isa = PBXFileReference; lastKnownFileType = sourcecode.cpp.cpp; path = main.cpp; sourceTree = "<group>"; };
		CF45E7692709BB30001F804D /* find_union.cpp */ = {isa = PBXFileReference; lastKnownFileType = sourcecode.cpp.cpp; path = find_union.cpp; sourceTree = "<group>"; };
		CF45E76A2709BB30001F804D /* find_union.hpp */ = {isa = PBXFileReference; lastKnownFileType = sourcecode.cpp.h; path = find_union.hpp; sourceTree = "<group>"; };
		CF45E76E2709BDC6001F804D /* README.md */ = {isa = PBXFileReference; lastKnownFileType = net.daringfireball.markdown; path = README.md; sourceTree = "<group>"; };
		CF90F97B2709C5AC0089BC81 /* main.cpp */ = {isa = PBXFileReference; fileEncoding = 4; lastKnownFileType = sourcecode.cpp.cpp; name = main.cpp; path = "closest-pair-points/main.cpp"; sourceTree = "<group>"; };
		CF90F97C2709C5AC0089BC81 /* inp.txt */ = {isa = PBXFileReference; fileEncoding = 4; lastKnownFileType = text; name = inp.txt; path = "closest-pair-points/inp.txt"; sourceTree = "<group>"; };
		CF90F97E2709CA370089BC81 /* cpp-bf.cpp */ = {isa = PBXFileReference; lastKnownFileType = sourcecode.cpp.cpp; name = "cpp-bf.cpp"; path = "closest-pair-points/cpp-bf.cpp"; sourceTree = "<group>"; };
		CF90F97F2709CA370089BC81 /* cpp-bf.hpp */ = {isa = PBXFileReference; lastKnownFileType = sourcecode.cpp.h; name = "cpp-bf.hpp"; path = "closest-pair-points/cpp-bf.hpp"; sourceTree = "<group>"; };
		CFE68EEC270CA14000399752 /* cpp-dc.cpp */ = {isa = PBXFileReference; lastKnownFileType = sourcecode.cpp.cpp; name = "cpp-dc.cpp"; path = "closest-pair-points/cpp-dc.cpp"; sourceTree = "<group>"; };
		CFE68EED270CA14000399752 /* cpp-dc.hpp */ = {isa = PBXFileReference; lastKnownFileType = sourcecode.cpp.h; name = "cpp-dc.hpp"; path = "closest-pair-points/cpp-dc.hpp"; sourceTree = "<group>"; };
		CFE68EF0270CA42C00399752 /* topo-sort.cpp */ = {isa = PBXFileReference; lastKnownFileType = sourcecode.cpp.cpp; path = "topo-sort.cpp"; sourceTree = "<group>"; };
		CFE68EF1270CA42C00399752 /* topo-sort.hpp */ = {isa = PBXFileReference; lastKnownFileType = sourcecode.cpp.h; path = "topo-sort.hpp"; sourceTree = "<group>"; };
		CFE68EF6270CA44600399752 /* topo-sort */ = {isa = PBXFileReference; explicitFileType = "compiled.mach-o.executable"; includeInIndex = 0; path = "topo-sort"; sourceTree = BUILT_PRODUCTS_DIR; };
		CFE68EF8270CA44600399752 /* main.cpp */ = {isa = PBXFileReference; lastKnownFileType = sourcecode.cpp.cpp; path = main.cpp; sourceTree = "<group>"; };
		CFE68EFD270CA46500399752 /* main.cpp */ = {isa = PBXFileReference; lastKnownFileType = sourcecode.cpp.cpp; path = main.cpp; sourceTree = "<group>"; };
		CFE68F00270CB16800399752 /* graph.cpp */ = {isa = PBXFileReference; lastKnownFileType = sourcecode.cpp.cpp; path = graph.cpp; sourceTree = "<group>"; };
		CFE68F01270CB16800399752 /* graph.hpp */ = {isa = PBXFileReference; lastKnownFileType = sourcecode.cpp.h; path = graph.hpp; sourceTree = "<group>"; };
/* End PBXFileReference section */

/* Begin PBXFrameworksBuildPhase section */
		CF45E74127098F3B001F804D /* Frameworks */ = {
			isa = PBXFrameworksBuildPhase;
			buildActionMask = 2147483647;
			files = (
			);
			runOnlyForDeploymentPostprocessing = 0;
		};
		CF45E74E27099DB2001F804D /* Frameworks */ = {
			isa = PBXFrameworksBuildPhase;
			buildActionMask = 2147483647;
			files = (
			);
			runOnlyForDeploymentPostprocessing = 0;
		};
		CF45E75F2709BAEF001F804D /* Frameworks */ = {
			isa = PBXFrameworksBuildPhase;
			buildActionMask = 2147483647;
			files = (
			);
			runOnlyForDeploymentPostprocessing = 0;
		};
		CFE68EF3270CA44600399752 /* Frameworks */ = {
			isa = PBXFrameworksBuildPhase;
			buildActionMask = 2147483647;
			files = (
			);
			runOnlyForDeploymentPostprocessing = 0;
		};
/* End PBXFrameworksBuildPhase section */

/* Begin PBXGroup section */
		CF45E72427098D74001F804D = {
			isa = PBXGroup;
			children = (
				CFE68EFF270CB14800399752 /* graph */,
				CF45E76E2709BDC6001F804D /* README.md */,
				CFE68EEF270CA40300399752 /* topo-sort */,
				CF90F97A2709C5860089BC81 /* closest-pair-points */,
				CF45E75227099DB2001F804D /* intergral_image */,
				CF45E7632709BAEF001F804D /* find-union */,
				CFE68EF7270CA44600399752 /* topo-sort */,
				CF45E72E27098D74001F804D /* Products */,
			);
			sourceTree = "<group>";
		};
		CF45E72E27098D74001F804D /* Products */ = {
			isa = PBXGroup;
			children = (
				CF45E74427098F3B001F804D /* closest-pair-points */,
				CF45E75127099DB2001F804D /* intergral_image */,
				CF45E7622709BAEF001F804D /* find-union */,
				CFE68EF6270CA44600399752 /* topo-sort */,
			);
			name = Products;
			sourceTree = "<group>";
		};
		CF45E75227099DB2001F804D /* intergral_image */ = {
			isa = PBXGroup;
			children = (
				CF45E75327099DB2001F804D /* main.cpp */,
				CF45E75827099DF1001F804D /* intergral_image.cpp */,
				CF45E75927099DF1001F804D /* intergral_image.hpp */,
				CF45E75C2709B510001F804D /* inp.txt */,
				CF45E75D2709B52B001F804D /* out.txt */,
			);
			path = intergral_image;
			sourceTree = "<group>";
		};
		CF45E7632709BAEF001F804D /* find-union */ = {
			isa = PBXGroup;
			children = (
				CF45E7642709BAEF001F804D /* main.cpp */,
				CF45E7692709BB30001F804D /* find_union.cpp */,
				CF45E76A2709BB30001F804D /* find_union.hpp */,
			);
			path = "find-union";
			sourceTree = "<group>";
		};
		CF90F97A2709C5860089BC81 /* closest-pair-points */ = {
			isa = PBXGroup;
			children = (
				CF90F97C2709C5AC0089BC81 /* inp.txt */,
				CF90F97B2709C5AC0089BC81 /* main.cpp */,
				CF90F97E2709CA370089BC81 /* cpp-bf.cpp */,
				CF90F97F2709CA370089BC81 /* cpp-bf.hpp */,
				CFE68EEC270CA14000399752 /* cpp-dc.cpp */,
				CFE68EED270CA14000399752 /* cpp-dc.hpp */,
			);
			name = "closest-pair-points";
			sourceTree = "<group>";
		};
		CFE68EEF270CA40300399752 /* topo-sort */ = {
			isa = PBXGroup;
			children = (
				CFE68EF0270CA42C00399752 /* topo-sort.cpp */,
				CFE68EF1270CA42C00399752 /* topo-sort.hpp */,
				CFE68EFD270CA46500399752 /* main.cpp */,
			);
			path = "topo-sort";
			sourceTree = "<group>";
		};
		CFE68EF7270CA44600399752 /* topo-sort */ = {
			isa = PBXGroup;
			children = (
				CFE68EF8270CA44600399752 /* main.cpp */,
			);
			path = "topo-sort";
			sourceTree = "<group>";
		};
		CFE68EFF270CB14800399752 /* graph */ = {
			isa = PBXGroup;
			children = (
				CFE68F00270CB16800399752 /* graph.cpp */,
				CFE68F01270CB16800399752 /* graph.hpp */,
			);
			path = graph;
			sourceTree = "<group>";
		};
/* End PBXGroup section */

/* Begin PBXNativeTarget section */
		CF45E74327098F3B001F804D /* closest-pair-points */ = {
			isa = PBXNativeTarget;
			buildConfigurationList = CF45E74827098F3B001F804D /* Build configuration list for PBXNativeTarget "closest-pair-points" */;
			buildPhases = (
				CF45E74027098F3B001F804D /* Sources */,
				CF45E74127098F3B001F804D /* Frameworks */,
				CF45E74227098F3B001F804D /* CopyFiles */,
			);
			buildRules = (
			);
			dependencies = (
			);
			name = "closest-pair-points";
			productName = "closest-pair-points";
			productReference = CF45E74427098F3B001F804D /* closest-pair-points */;
			productType = "com.apple.product-type.tool";
		};
		CF45E75027099DB2001F804D /* intergral_image */ = {
			isa = PBXNativeTarget;
			buildConfigurationList = CF45E75527099DB2001F804D /* Build configuration list for PBXNativeTarget "intergral_image" */;
			buildPhases = (
				CF45E74D27099DB2001F804D /* Sources */,
				CF45E74E27099DB2001F804D /* Frameworks */,
				CF45E74F27099DB2001F804D /* CopyFiles */,
			);
			buildRules = (
			);
			dependencies = (
			);
			name = intergral_image;
			productName = intergral_image;
			productReference = CF45E75127099DB2001F804D /* intergral_image */;
			productType = "com.apple.product-type.tool";
		};
		CF45E7612709BAEF001F804D /* find-union */ = {
			isa = PBXNativeTarget;
			buildConfigurationList = CF45E7662709BAEF001F804D /* Build configuration list for PBXNativeTarget "find-union" */;
			buildPhases = (
				CF45E75E2709BAEF001F804D /* Sources */,
				CF45E75F2709BAEF001F804D /* Frameworks */,
				CF45E7602709BAEF001F804D /* Copy Files */,
			);
			buildRules = (
			);
			dependencies = (
			);
			name = "find-union";
			productName = "find-union";
			productReference = CF45E7622709BAEF001F804D /* find-union */;
			productType = "com.apple.product-type.tool";
		};
		CFE68EF5270CA44600399752 /* topo-sort */ = {
			isa = PBXNativeTarget;
			buildConfigurationList = CFE68EFA270CA44600399752 /* Build configuration list for PBXNativeTarget "topo-sort" */;
			buildPhases = (
				CFE68EF2270CA44600399752 /* Sources */,
				CFE68EF3270CA44600399752 /* Frameworks */,
				CFE68EF4270CA44600399752 /* CopyFiles */,
			);
			buildRules = (
			);
			dependencies = (
			);
			name = "topo-sort";
			productName = "topo-sort";
			productReference = CFE68EF6270CA44600399752 /* topo-sort */;
			productType = "com.apple.product-type.tool";
		};
/* End PBXNativeTarget section */

/* Begin PBXProject section */
		CF45E72527098D74001F804D /* Project object */ = {
			isa = PBXProject;
			attributes = {
				BuildIndependentTargetsInParallel = YES;
				LastUpgradeCheck = 1250;
				TargetAttributes = {
					CF45E74327098F3B001F804D = {
						CreatedOnToolsVersion = 12.5.1;
					};
					CF45E75027099DB2001F804D = {
						CreatedOnToolsVersion = 12.5.1;
					};
					CF45E7612709BAEF001F804D = {
						CreatedOnToolsVersion = 12.5.1;
					};
					CFE68EF5270CA44600399752 = {
						CreatedOnToolsVersion = 12.5.1;
					};
				};
			};
			buildConfigurationList = CF45E72827098D74001F804D /* Build configuration list for PBXProject "yaar" */;
			compatibilityVersion = "Xcode 9.3";
			developmentRegion = en;
			hasScannedForEncodings = 0;
			knownRegions = (
				en,
				Base,
			);
			mainGroup = CF45E72427098D74001F804D;
			productRefGroup = CF45E72E27098D74001F804D /* Products */;
			projectDirPath = "";
			projectRoot = "";
			targets = (
				CF45E74327098F3B001F804D /* closest-pair-points */,
				CF45E75027099DB2001F804D /* intergral_image */,
				CF45E7612709BAEF001F804D /* find-union */,
				CFE68EF5270CA44600399752 /* topo-sort */,
			);
		};
/* End PBXProject section */

/* Begin PBXSourcesBuildPhase section */
		CF45E74027098F3B001F804D /* Sources */ = {
			isa = PBXSourcesBuildPhase;
			buildActionMask = 2147483647;
			files = (
				CF90F9812709E4760089BC81 /* cpp-bf.hpp in Sources */,
				CF90F97D2709C5AC0089BC81 /* main.cpp in Sources */,
				CFE68EEE270CA14000399752 /* cpp-dc.cpp in Sources */,
				CF90F9802709CA370089BC81 /* cpp-bf.cpp in Sources */,
			);
			runOnlyForDeploymentPostprocessing = 0;
		};
		CF45E74D27099DB2001F804D /* Sources */ = {
			isa = PBXSourcesBuildPhase;
			buildActionMask = 2147483647;
			files = (
				CF45E75B2709B32C001F804D /* intergral_image.hpp in Sources */,
				CF45E75A27099DF1001F804D /* intergral_image.cpp in Sources */,
				CF45E75427099DB2001F804D /* main.cpp in Sources */,
			);
			runOnlyForDeploymentPostprocessing = 0;
		};
		CF45E75E2709BAEF001F804D /* Sources */ = {
			isa = PBXSourcesBuildPhase;
			buildActionMask = 2147483647;
			files = (
				CF45E76D2709BBEA001F804D /* find_union.cpp in Sources */,
				CF45E76C2709BBC0001F804D /* find_union.hpp in Sources */,
				CF45E7652709BAEF001F804D /* main.cpp in Sources */,
			);
			runOnlyForDeploymentPostprocessing = 0;
		};
		CFE68EF2270CA44600399752 /* Sources */ = {
			isa = PBXSourcesBuildPhase;
			buildActionMask = 2147483647;
			files = (
				CFE68EFE270CA46500399752 /* main.cpp in Sources */,
				CFE68EF9270CA44600399752 /* main.cpp in Sources */,
			);
			runOnlyForDeploymentPostprocessing = 0;
		};
/* End PBXSourcesBuildPhase section */

/* Begin XCBuildConfiguration section */
		CF45E73227098D74001F804D /* Debug */ = {
			isa = XCBuildConfiguration;
			buildSettings = {
				ALWAYS_SEARCH_USER_PATHS = NO;
				CLANG_ANALYZER_NONNULL = YES;
				CLANG_ANALYZER_NUMBER_OBJECT_CONVERSION = YES_AGGRESSIVE;
				CLANG_CXX_LANGUAGE_STANDARD = "gnu++14";
				CLANG_CXX_LIBRARY = "libc++";
				CLANG_ENABLE_MODULES = YES;
				CLANG_ENABLE_OBJC_ARC = YES;
				CLANG_ENABLE_OBJC_WEAK = YES;
				CLANG_WARN_BLOCK_CAPTURE_AUTORELEASING = YES;
				CLANG_WARN_BOOL_CONVERSION = YES;
				CLANG_WARN_COMMA = YES;
				CLANG_WARN_CONSTANT_CONVERSION = YES;
				CLANG_WARN_DEPRECATED_OBJC_IMPLEMENTATIONS = YES;
				CLANG_WARN_DIRECT_OBJC_ISA_USAGE = YES_ERROR;
				CLANG_WARN_DOCUMENTATION_COMMENTS = YES;
				CLANG_WARN_EMPTY_BODY = YES;
				CLANG_WARN_ENUM_CONVERSION = YES;
				CLANG_WARN_INFINITE_RECURSION = YES;
				CLANG_WARN_INT_CONVERSION = YES;
				CLANG_WARN_NON_LITERAL_NULL_CONVERSION = YES;
				CLANG_WARN_OBJC_IMPLICIT_RETAIN_SELF = YES;
				CLANG_WARN_OBJC_LITERAL_CONVERSION = YES;
				CLANG_WARN_OBJC_ROOT_CLASS = YES_ERROR;
				CLANG_WARN_QUOTED_INCLUDE_IN_FRAMEWORK_HEADER = YES;
				CLANG_WARN_RANGE_LOOP_ANALYSIS = YES;
				CLANG_WARN_STRICT_PROTOTYPES = YES;
				CLANG_WARN_SUSPICIOUS_MOVE = YES;
				CLANG_WARN_UNGUARDED_AVAILABILITY = YES_AGGRESSIVE;
				CLANG_WARN_UNREACHABLE_CODE = YES;
				CLANG_WARN__DUPLICATE_METHOD_MATCH = YES;
				COPY_PHASE_STRIP = NO;
				DEBUG_INFORMATION_FORMAT = dwarf;
				ENABLE_STRICT_OBJC_MSGSEND = YES;
				ENABLE_TESTABILITY = YES;
				GCC_C_LANGUAGE_STANDARD = gnu11;
				GCC_DYNAMIC_NO_PIC = NO;
				GCC_NO_COMMON_BLOCKS = YES;
				GCC_OPTIMIZATION_LEVEL = 0;
				GCC_PREPROCESSOR_DEFINITIONS = (
					"DEBUG=1",
					"$(inherited)",
				);
				GCC_WARN_64_TO_32_BIT_CONVERSION = YES;
				GCC_WARN_ABOUT_RETURN_TYPE = YES_ERROR;
				GCC_WARN_UNDECLARED_SELECTOR = YES;
				GCC_WARN_UNINITIALIZED_AUTOS = YES_AGGRESSIVE;
				GCC_WARN_UNUSED_FUNCTION = YES;
				GCC_WARN_UNUSED_VARIABLE = YES;
				MACOSX_DEPLOYMENT_TARGET = 11.3;
				MTL_ENABLE_DEBUG_INFO = INCLUDE_SOURCE;
				MTL_FAST_MATH = YES;
				ONLY_ACTIVE_ARCH = YES;
				SDKROOT = macosx;
			};
			name = Debug;
		};
		CF45E73327098D74001F804D /* Release */ = {
			isa = XCBuildConfiguration;
			buildSettings = {
				ALWAYS_SEARCH_USER_PATHS = NO;
				CLANG_ANALYZER_NONNULL = YES;
				CLANG_ANALYZER_NUMBER_OBJECT_CONVERSION = YES_AGGRESSIVE;
				CLANG_CXX_LANGUAGE_STANDARD = "gnu++14";
				CLANG_CXX_LIBRARY = "libc++";
				CLANG_ENABLE_MODULES = YES;
				CLANG_ENABLE_OBJC_ARC = YES;
				CLANG_ENABLE_OBJC_WEAK = YES;
				CLANG_WARN_BLOCK_CAPTURE_AUTORELEASING = YES;
				CLANG_WARN_BOOL_CONVERSION = YES;
				CLANG_WARN_COMMA = YES;
				CLANG_WARN_CONSTANT_CONVERSION = YES;
				CLANG_WARN_DEPRECATED_OBJC_IMPLEMENTATIONS = YES;
				CLANG_WARN_DIRECT_OBJC_ISA_USAGE = YES_ERROR;
				CLANG_WARN_DOCUMENTATION_COMMENTS = YES;
				CLANG_WARN_EMPTY_BODY = YES;
				CLANG_WARN_ENUM_CONVERSION = YES;
				CLANG_WARN_INFINITE_RECURSION = YES;
				CLANG_WARN_INT_CONVERSION = YES;
				CLANG_WARN_NON_LITERAL_NULL_CONVERSION = YES;
				CLANG_WARN_OBJC_IMPLICIT_RETAIN_SELF = YES;
				CLANG_WARN_OBJC_LITERAL_CONVERSION = YES;
				CLANG_WARN_OBJC_ROOT_CLASS = YES_ERROR;
				CLANG_WARN_QUOTED_INCLUDE_IN_FRAMEWORK_HEADER = YES;
				CLANG_WARN_RANGE_LOOP_ANALYSIS = YES;
				CLANG_WARN_STRICT_PROTOTYPES = YES;
				CLANG_WARN_SUSPICIOUS_MOVE = YES;
				CLANG_WARN_UNGUARDED_AVAILABILITY = YES_AGGRESSIVE;
				CLANG_WARN_UNREACHABLE_CODE = YES;
				CLANG_WARN__DUPLICATE_METHOD_MATCH = YES;
				COPY_PHASE_STRIP = NO;
				DEBUG_INFORMATION_FORMAT = "dwarf-with-dsym";
				ENABLE_NS_ASSERTIONS = NO;
				ENABLE_STRICT_OBJC_MSGSEND = YES;
				GCC_C_LANGUAGE_STANDARD = gnu11;
				GCC_NO_COMMON_BLOCKS = YES;
				GCC_WARN_64_TO_32_BIT_CONVERSION = YES;
				GCC_WARN_ABOUT_RETURN_TYPE = YES_ERROR;
				GCC_WARN_UNDECLARED_SELECTOR = YES;
				GCC_WARN_UNINITIALIZED_AUTOS = YES_AGGRESSIVE;
				GCC_WARN_UNUSED_FUNCTION = YES;
				GCC_WARN_UNUSED_VARIABLE = YES;
				MACOSX_DEPLOYMENT_TARGET = 11.3;
				MTL_ENABLE_DEBUG_INFO = NO;
				MTL_FAST_MATH = YES;
				SDKROOT = macosx;
			};
			name = Release;
		};
		CF45E74927098F3B001F804D /* Debug */ = {
			isa = XCBuildConfiguration;
			buildSettings = {
				CODE_SIGN_STYLE = Automatic;
				PRODUCT_NAME = "$(TARGET_NAME)";
			};
			name = Debug;
		};
		CF45E74A27098F3B001F804D /* Release */ = {
			isa = XCBuildConfiguration;
			buildSettings = {
				CODE_SIGN_STYLE = Automatic;
				PRODUCT_NAME = "$(TARGET_NAME)";
			};
			name = Release;
		};
		CF45E75627099DB2001F804D /* Debug */ = {
			isa = XCBuildConfiguration;
			buildSettings = {
				CODE_SIGN_STYLE = Automatic;
				PRODUCT_NAME = "$(TARGET_NAME)";
			};
			name = Debug;
		};
		CF45E75727099DB2001F804D /* Release */ = {
			isa = XCBuildConfiguration;
			buildSettings = {
				CODE_SIGN_STYLE = Automatic;
				PRODUCT_NAME = "$(TARGET_NAME)";
			};
			name = Release;
		};
		CF45E7672709BAEF001F804D /* Debug */ = {
			isa = XCBuildConfiguration;
			buildSettings = {
				CODE_SIGN_STYLE = Automatic;
				PRODUCT_NAME = "$(TARGET_NAME)";
			};
			name = Debug;
		};
		CF45E7682709BAEF001F804D /* Release */ = {
			isa = XCBuildConfiguration;
			buildSettings = {
				CODE_SIGN_STYLE = Automatic;
				PRODUCT_NAME = "$(TARGET_NAME)";
			};
			name = Release;
		};
		CFE68EFB270CA44600399752 /* Debug */ = {
			isa = XCBuildConfiguration;
			buildSettings = {
				CODE_SIGN_STYLE = Automatic;
				PRODUCT_NAME = "$(TARGET_NAME)";
			};
			name = Debug;
		};
		CFE68EFC270CA44600399752 /* Release */ = {
			isa = XCBuildConfiguration;
			buildSettings = {
				CODE_SIGN_STYLE = Automatic;
				PRODUCT_NAME = "$(TARGET_NAME)";
			};
			name = Release;
		};
/* End XCBuildConfiguration section */

/* Begin XCConfigurationList section */
		CF45E72827098D74001F804D /* Build configuration list for PBXProject "yaar" */ = {
			isa = XCConfigurationList;
			buildConfigurations = (
				CF45E73227098D74001F804D /* Debug */,
				CF45E73327098D74001F804D /* Release */,
			);
			defaultConfigurationIsVisible = 0;
			defaultConfigurationName = Release;
		};
		CF45E74827098F3B001F804D /* Build configuration list for PBXNativeTarget "closest-pair-points" */ = {
			isa = XCConfigurationList;
			buildConfigurations = (
				CF45E74927098F3B001F804D /* Debug */,
				CF45E74A27098F3B001F804D /* Release */,
			);
			defaultConfigurationIsVisible = 0;
			defaultConfigurationName = Release;
		};
		CF45E75527099DB2001F804D /* Build configuration list for PBXNativeTarget "intergral_image" */ = {
			isa = XCConfigurationList;
			buildConfigurations = (
				CF45E75627099DB2001F804D /* Debug */,
				CF45E75727099DB2001F804D /* Release */,
			);
			defaultConfigurationIsVisible = 0;
			defaultConfigurationName = Release;
		};
		CF45E7662709BAEF001F804D /* Build configuration list for PBXNativeTarget "find-union" */ = {
			isa = XCConfigurationList;
			buildConfigurations = (
				CF45E7672709BAEF001F804D /* Debug */,
				CF45E7682709BAEF001F804D /* Release */,
			);
			defaultConfigurationIsVisible = 0;
			defaultConfigurationName = Release;
		};
		CFE68EFA270CA44600399752 /* Build configuration list for PBXNativeTarget "topo-sort" */ = {
			isa = XCConfigurationList;
			buildConfigurations = (
				CFE68EFB270CA44600399752 /* Debug */,
				CFE68EFC270CA44600399752 /* Release */,
			);
			defaultConfigurationIsVisible = 0;
			defaultConfigurationName = Release;
		};
/* End XCConfigurationList section */
	};
	rootObject = CF45E72527098D74001F804D /* Project object */;
}
